
Microsoft Visual Studio Solution File, Format Version 12.00
# Visual Studio Version 17
VisualStudioVersion = 17.8.34408.163
MinimumVisualStudioVersion = 10.0.40219.1
Project("{9A19103F-16F7-4668-BE54-9A1E7A4F7556}") = "SKLEP INTERNETOWY", "SKLEP INTERNETOWY\SKLEP INTERNETOWY.csproj", "{97EF1B70-E016-47BF-A93D-EC7C635A31D5}"
EndProject
Project("{2150E333-8FDC-42A3-9474-1A3956D46DE8}") = "Solution Items", "Solution Items", "{E46B2F3B-E67C-498F-B8D9-890E89BBC6EC}"
	ProjectSection(SolutionItems) = preProject
		.editorconfig = .editorconfig
	EndProjectSection
EndProject
Global
	GlobalSection(SolutionConfigurationPlatforms) = preSolution
		Debug|Any CPU = Debug|Any CPU
		Release|Any CPU = Release|Any CPU
	EndGlobalSection
	GlobalSection(ProjectConfigurationPlatforms) = postSolution
		{97EF1B70-E016-47BF-A93D-EC7C635A31D5}.Debug|Any CPU.ActiveCfg = Debug|Any CPU
		{97EF1B70-E016-47BF-A93D-EC7C635A31D5}.Debug|Any CPU.Build.0 = Debug|Any CPU
		{97EF1B70-E016-47BF-A93D-EC7C635A31D5}.Release|Any CPU.ActiveCfg = Release|Any CPU
		{97EF1B70-E016-47BF-A93D-EC7C635A31D5}.Release|Any CPU.Build.0 = Release|Any CPU
	EndGlobalSection
	GlobalSection(SolutionProperties) = preSolution
		HideSolutionNode = FALSE
	EndGlobalSection
	GlobalSection(ExtensibilityGlobals) = postSolution
		SolutionGuid = {0C266745-43BA-4FAB-82DF-A01E11D03CF5}
	EndGlobalSection
EndGlobal
